
Microsoft Visual Studio Solution File, Format Version 12.00
# Visual Studio Version 16
VisualStudioVersion = 16.0.29102.190
MinimumVisualStudioVersion = 10.0.40219.1
Project("{9A19103F-16F7-4668-BE54-9A1E7A4F7556}") = "RelayClient", "RelayClient\RelayClient.csproj", "{DC919DDE-101C-4A6D-9F40-6C34D0B17F3F}"
EndProject
Project("{9A19103F-16F7-4668-BE54-9A1E7A4F7556}") = "HydroPiApi", "HydroPiApi\HydroPiApi.csproj", "{837EA1A0-E4FE-4C31-B47A-0BC004E90947}"
EndProject
Project("{9A19103F-16F7-4668-BE54-9A1E7A4F7556}") = "SensorClient", "SensorClient\SensorClient.csproj", "{BBB77E28-55CB-4B3C-9B60-64B20DE431D0}"
EndProject
Global
	GlobalSection(SolutionConfigurationPlatforms) = preSolution
		Debug|Any CPU = Debug|Any CPU
		Publish-To-Pi-Debug|Any CPU = Publish-To-Pi-Debug|Any CPU
		Release|Any CPU = Release|Any CPU
	EndGlobalSection
	GlobalSection(ProjectConfigurationPlatforms) = postSolution
		{DC919DDE-101C-4A6D-9F40-6C34D0B17F3F}.Debug|Any CPU.ActiveCfg = Debug|Any CPU
		{DC919DDE-101C-4A6D-9F40-6C34D0B17F3F}.Debug|Any CPU.Build.0 = Debug|Any CPU
		{DC919DDE-101C-4A6D-9F40-6C34D0B17F3F}.Publish-To-Pi-Debug|Any CPU.ActiveCfg = Publish-To-Pi-Debug|Any CPU
		{DC919DDE-101C-4A6D-9F40-6C34D0B17F3F}.Publish-To-Pi-Debug|Any CPU.Build.0 = Publish-To-Pi-Debug|Any CPU
		{DC919DDE-101C-4A6D-9F40-6C34D0B17F3F}.Release|Any CPU.ActiveCfg = Release|Any CPU
		{DC919DDE-101C-4A6D-9F40-6C34D0B17F3F}.Release|Any CPU.Build.0 = Release|Any CPU
		{837EA1A0-E4FE-4C31-B47A-0BC004E90947}.Debug|Any CPU.ActiveCfg = Debug|Any CPU
		{837EA1A0-E4FE-4C31-B47A-0BC004E90947}.Debug|Any CPU.Build.0 = Debug|Any CPU
		{837EA1A0-E4FE-4C31-B47A-0BC004E90947}.Publish-To-Pi-Debug|Any CPU.ActiveCfg = Publish-To-Pi-Debug|Any CPU
		{837EA1A0-E4FE-4C31-B47A-0BC004E90947}.Publish-To-Pi-Debug|Any CPU.Build.0 = Publish-To-Pi-Debug|Any CPU
		{837EA1A0-E4FE-4C31-B47A-0BC004E90947}.Release|Any CPU.ActiveCfg = Release|Any CPU
		{837EA1A0-E4FE-4C31-B47A-0BC004E90947}.Release|Any CPU.Build.0 = Release|Any CPU
		{BBB77E28-55CB-4B3C-9B60-64B20DE431D0}.Debug|Any CPU.ActiveCfg = Debug|Any CPU
		{BBB77E28-55CB-4B3C-9B60-64B20DE431D0}.Debug|Any CPU.Build.0 = Debug|Any CPU
		{BBB77E28-55CB-4B3C-9B60-64B20DE431D0}.Publish-To-Pi-Debug|Any CPU.ActiveCfg = Debug|Any CPU
		{BBB77E28-55CB-4B3C-9B60-64B20DE431D0}.Publish-To-Pi-Debug|Any CPU.Build.0 = Debug|Any CPU
		{BBB77E28-55CB-4B3C-9B60-64B20DE431D0}.Release|Any CPU.ActiveCfg = Release|Any CPU
		{BBB77E28-55CB-4B3C-9B60-64B20DE431D0}.Release|Any CPU.Build.0 = Release|Any CPU
	EndGlobalSection
	GlobalSection(SolutionProperties) = preSolution
		HideSolutionNode = FALSE
	EndGlobalSection
	GlobalSection(ExtensibilityGlobals) = postSolution
		SolutionGuid = {810A74D0-20C8-4FF0-8527-ADA3BB6779CF}
	EndGlobalSection
EndGlobal
